Microsoft Visual Studio Solution File, Format Version 12.00
# Visual Studio Version 17
VisualStudioVersion = 17.5.2.0
MinimumVisualStudioVersion = 10.0.40219.1
Project("{FAE04EC0-301F-11D3-BF4B-00C04F79EFBC}") = "GameIdle", "GameIdle.csproj", "{787A9A5D-6097-F5B6-E592-D2AE81AD8055}"
EndProject
Global
	GlobalSection(SolutionConfigurationPlatforms) = preSolution
		Debug|Any CPU = Debug|Any CPU
		Release|Any CPU = Release|Any CPU
	EndGlobalSection
	GlobalSection(ProjectConfigurationPlatforms) = postSolution
		{787A9A5D-6097-F5B6-E592-D2AE81AD8055}.Debug|Any CPU.ActiveCfg = Debug|Any CPU
		{787A9A5D-6097-F5B6-E592-D2AE81AD8055}.Debug|Any CPU.Build.0 = Debug|Any CPU
		{787A9A5D-6097-F5B6-E592-D2AE81AD8055}.Release|Any CPU.ActiveCfg = Release|Any CPU
		{787A9A5D-6097-F5B6-E592-D2AE81AD8055}.Release|Any CPU.Build.0 = Release|Any CPU
	EndGlobalSection
	GlobalSection(SolutionProperties) = preSolution
		HideSolutionNode = FALSE
	EndGlobalSection
	GlobalSection(ExtensibilityGlobals) = postSolution
		SolutionGuid = {5D1FA332-1A66-4DD3-9B94-5903C32BA542}
	EndGlobalSection
EndGlobal
